{
  "name": "@straylightagency/http-client",
  "version": "1.0.3",
  "lockfileVersion": 3,
  "requires": true,
  "packages": {
    "": {
      "name": "@straylightagency/http-client",
      "version": "1.0.3",
      "license": "MIT",
      "dependencies": {
        "@straylightagency/utils": "^1.0.6"
      }
    },
    "node_modules/@straylightagency/utils": {
      "version": "1.0.6",
      "resolved": "https://registry.npmjs.org/@straylightagency/utils/-/utils-1.0.6.tgz",
      "integrity": "sha512-2cBnLoFeEQ19UZ8Ph+XvIGSsVGRgY+ui/RrvlyjAY67AADZS69WfChExPKasWTTmzPbk8BI9qZSukgeYWqYAcA==",
      "license": "MIT"
    }
  }
}
