{
  "name": "@straylightagency/http-client",
  "version": "1.0.2",
  "lockfileVersion": 3,
  "requires": true,
  "packages": {
    "": {
      "name": "@straylightagency/http-client",
      "version": "1.0.2",
      "license": "MIT",
      "dependencies": {
        "@straylightagency/utils": "^1.0.4"
      }
    },
    "node_modules/@straylightagency/utils": {
      "version": "1.0.4",
      "resolved": "https://registry.npmjs.org/@straylightagency/utils/-/utils-1.0.4.tgz",
      "integrity": "sha512-ZJAQOusuPgrCF9u59k942KEayUspg5BDZpozJQDiySh5sYPcTpdf99kvrlWD0ZczSU7jX/PeIoZJmkiI1Re+Uw==",
      "license": "MIT"
    }
  }
}
